
Microsoft Visual Studio Solution File, Format Version 12.00
# Visual Studio Version 16
VisualStudioVersion = 16.0.29905.134
MinimumVisualStudioVersion = 10.0.40219.1
Project("{FAE04EC0-301F-11D3-BF4B-00C04F79EFBC}") = "Kinderbijslag", "Kinderbijslag.csproj", "{A53AC149-E9F7-48EC-A00D-2731F56ED0EB}"
EndProject
Global
	GlobalSection(SolutionConfigurationPlatforms) = preSolution
		Debug|Any CPU = Debug|Any CPU
		Release|Any CPU = Release|Any CPU
	EndGlobalSection
	GlobalSection(ProjectConfigurationPlatforms) = postSolution
		{A53AC149-E9F7-48EC-A00D-2731F56ED0EB}.Debug|Any CPU.ActiveCfg = Debug|Any CPU
		{A53AC149-E9F7-48EC-A00D-2731F56ED0EB}.Debug|Any CPU.Build.0 = Debug|Any CPU
		{A53AC149-E9F7-48EC-A00D-2731F56ED0EB}.Release|Any CPU.ActiveCfg = Release|Any CPU
		{A53AC149-E9F7-48EC-A00D-2731F56ED0EB}.Release|Any CPU.Build.0 = Release|Any CPU
	EndGlobalSection
	GlobalSection(SolutionProperties) = preSolution
		HideSolutionNode = FALSE
	EndGlobalSection
	GlobalSection(ExtensibilityGlobals) = postSolution
		SolutionGuid = {2BA29CAD-822C-48D4-BDB2-02C399CF8F5F}
	EndGlobalSection
EndGlobal
